
Microsoft Visual Studio Solution File, Format Version 12.00
# Visual Studio Version 17
VisualStudioVersion = 17.4.33122.133
MinimumVisualStudioVersion = 10.0.40219.1
Project("{8BC9CEB8-8B4A-11D0-8D11-00A0C91BC942}") = "Sandbox", "Sandbox\Sandbox.vcxproj", "{8B8E3540-89D1-48A4-A011-EEA6646AF944}"
EndProject
Project("{8BC9CEB8-8B4A-11D0-8D11-00A0C91BC942}") = "Cactus", "Cactus\Cactus.vcxproj", "{355B1E85-DFCD-40FB-A97F-A92978A29BB6}"
EndProject
Global
	GlobalSection(SolutionConfigurationPlatforms) = preSolution
		Debug|x64 = Debug|x64
		Release|x64 = Release|x64
	EndGlobalSection
	GlobalSection(ProjectConfigurationPlatforms) = postSolution
		{355B1E85-DFCD-40FB-A97F-A92978A29BB6}.Debug|x64.ActiveCfg = Debug|x64
		{355B1E85-DFCD-40FB-A97F-A92978A29BB6}.Debug|x64.Build.0 = Debug|x64
		{355B1E85-DFCD-40FB-A97F-A92978A29BB6}.Release|x64.ActiveCfg = Release|x64
		{355B1E85-DFCD-40FB-A97F-A92978A29BB6}.Release|x64.Build.0 = Release|x64
		{8B8E3540-89D1-48A4-A011-EEA6646AF944}.Debug|x64.ActiveCfg = Debug|x64
		{8B8E3540-89D1-48A4-A011-EEA6646AF944}.Debug|x64.Build.0 = Debug|x64
		{8B8E3540-89D1-48A4-A011-EEA6646AF944}.Release|x64.ActiveCfg = Release|x64
		{8B8E3540-89D1-48A4-A011-EEA6646AF944}.Release|x64.Build.0 = Release|x64
	EndGlobalSection
	GlobalSection(SolutionProperties) = preSolution
		HideSolutionNode = FALSE
	EndGlobalSection
	GlobalSection(ExtensibilityGlobals) = postSolution
		SolutionGuid = {B70379C2-EE53-43A1-8569-EA63FA39A82F}
	EndGlobalSection
EndGlobal
